// !$*UTF8*$!
{
	archiveVersion = 1;
	classes = {
	};
	objectVersion = 46;
	objects = {

/* Begin PBXBuildFile section */
		6E3B6ED101F42E0546685277 /* Pods_Mosie.framework in Frameworks */ = {isa = PBXBuildFile; fileRef = 5C5FEBE3C9F20C65051667D9 /* Pods_Mosie.framework */; };
		8B9D83DC1D56AC6B00DB01EE /* Spotify.framework in Frameworks */ = {isa = PBXBuildFile; fileRef = 8B9D83DB1D56AC6B00DB01EE /* Spotify.framework */; };
		8B9D83DE1D56AC9F00DB01EE /* APIMagic.swift in Sources */ = {isa = PBXBuildFile; fileRef = 8B9D83DD1D56AC9F00DB01EE /* APIMagic.swift */; };
		8B9D83E41D56B34C00DB01EE /* AVFoundation.framework in Frameworks */ = {isa = PBXBuildFile; fileRef = 8B9D83E31D56B34C00DB01EE /* AVFoundation.framework */; };
		BB653FE61D56787E00AF80E8 /* AppDelegate.swift in Sources */ = {isa = PBXBuildFile; fileRef = BB653FE51D56787E00AF80E8 /* AppDelegate.swift */; };
		BB653FEB1D56787E00AF80E8 /* Main.storyboard in Resources */ = {isa = PBXBuildFile; fileRef = BB653FE91D56787E00AF80E8 /* Main.storyboard */; };
		BB653FEE1D56787E00AF80E8 /* Mosie.xcdatamodeld in Sources */ = {isa = PBXBuildFile; fileRef = BB653FEC1D56787E00AF80E8 /* Mosie.xcdatamodeld */; };
		BB653FF01D56787E00AF80E8 /* Assets.xcassets in Resources */ = {isa = PBXBuildFile; fileRef = BB653FEF1D56787E00AF80E8 /* Assets.xcassets */; };
		BB653FF31D56787E00AF80E8 /* LaunchScreen.storyboard in Resources */ = {isa = PBXBuildFile; fileRef = BB653FF11D56787E00AF80E8 /* LaunchScreen.storyboard */; };
		BB653FFE1D56787E00AF80E8 /* MosieTests.swift in Sources */ = {isa = PBXBuildFile; fileRef = BB653FFD1D56787E00AF80E8 /* MosieTests.swift */; };
		BB6540091D56787E00AF80E8 /* MosieUITests.swift in Sources */ = {isa = PBXBuildFile; fileRef = BB6540081D56787E00AF80E8 /* MosieUITests.swift */; };
		BB6540171D567AE100AF80E8 /* MainSideViewController.swift in Sources */ = {isa = PBXBuildFile; fileRef = BB6540161D567AE100AF80E8 /* MainSideViewController.swift */; };
		BB6540191D567B4200AF80E8 /* VideoStoryboard.storyboard in Resources */ = {isa = PBXBuildFile; fileRef = BB6540181D567B4200AF80E8 /* VideoStoryboard.storyboard */; };
		BB65401B1D567B4A00AF80E8 /* AudioStoryboard.storyboard in Resources */ = {isa = PBXBuildFile; fileRef = BB65401A1D567B4A00AF80E8 /* AudioStoryboard.storyboard */; };
		BB65401F1D567BFD00AF80E8 /* RootVideoViewController.swift in Sources */ = {isa = PBXBuildFile; fileRef = BB65401E1D567BFD00AF80E8 /* RootVideoViewController.swift */; };
		BB6540211D567C3500AF80E8 /* RootAudioViewController.swift in Sources */ = {isa = PBXBuildFile; fileRef = BB6540201D567C3500AF80E8 /* RootAudioViewController.swift */; };
		BB674FBB1D56AC76000C9A35 /* SongTableViewCell.swift in Sources */ = {isa = PBXBuildFile; fileRef = BB674FBA1D56AC76000C9A35 /* SongTableViewCell.swift */; };
		BB674FBD1D56C6E0000C9A35 /* PlaybackBarView.swift in Sources */ = {isa = PBXBuildFile; fileRef = BB674FBC1D56C6E0000C9A35 /* PlaybackBarView.swift */; };
		BB674FBF1D56C9AB000C9A35 /* SongControlBarViewController.swift in Sources */ = {isa = PBXBuildFile; fileRef = BB674FBE1D56C9AB000C9A35 /* SongControlBarViewController.swift */; };
		BB7DDEB11D56822500575A1F /* MainNavigationViewController.swift in Sources */ = {isa = PBXBuildFile; fileRef = BB7DDEB01D56822500575A1F /* MainNavigationViewController.swift */; };
		BBB369D11D568C5E008D43AE /* SettingsStoryboard.storyboard in Resources */ = {isa = PBXBuildFile; fileRef = BBB369D01D568C5E008D43AE /* SettingsStoryboard.storyboard */; };
		BBB369D31D568C6E008D43AE /* SettingsViewController.swift in Sources */ = {isa = PBXBuildFile; fileRef = BBB369D21D568C6E008D43AE /* SettingsViewController.swift */; };
		BBB369D81D569B7A008D43AE /* Brandon_light.otf in Resources */ = {isa = PBXBuildFile; fileRef = BBB369D51D569B7A008D43AE /* Brandon_light.otf */; };
		BBB369D91D569B7A008D43AE /* Brandon_med.otf in Resources */ = {isa = PBXBuildFile; fileRef = BBB369D61D569B7A008D43AE /* Brandon_med.otf */; };
		BBB369DA1D569B7A008D43AE /* Brandon_reg.ttf in Resources */ = {isa = PBXBuildFile; fileRef = BBB369D71D569B7A008D43AE /* Brandon_reg.ttf */; };
		BBB369E41D569BAE008D43AE /* Panton-Black.otf in Resources */ = {isa = PBXBuildFile; fileRef = BBB369DB1D569BAE008D43AE /* Panton-Black.otf */; };
		BBB369E51D569BAE008D43AE /* Panton-Bold.otf in Resources */ = {isa = PBXBuildFile; fileRef = BBB369DC1D569BAE008D43AE /* Panton-Bold.otf */; };
		BBB369E61D569BAE008D43AE /* Panton-ExtraBold.otf in Resources */ = {isa = PBXBuildFile; fileRef = BBB369DD1D569BAE008D43AE /* Panton-ExtraBold.otf */; };
		BBB369E71D569BAE008D43AE /* Panton-ExtraLight.otf in Resources */ = {isa = PBXBuildFile; fileRef = BBB369DE1D569BAE008D43AE /* Panton-ExtraLight.otf */; };
		BBB369E81D569BAE008D43AE /* Panton-Heavy.otf in Resources */ = {isa = PBXBuildFile; fileRef = BBB369DF1D569BAE008D43AE /* Panton-Heavy.otf */; };
		BBB369E91D569BAE008D43AE /* Panton-Light.otf in Resources */ = {isa = PBXBuildFile; fileRef = BBB369E01D569BAE008D43AE /* Panton-Light.otf */; };
		BBB369EA1D569BAE008D43AE /* Panton-Regular.otf in Resources */ = {isa = PBXBuildFile; fileRef = BBB369E11D569BAE008D43AE /* Panton-Regular.otf */; };
		BBB369EB1D569BAE008D43AE /* Panton-SemiBold.otf in Resources */ = {isa = PBXBuildFile; fileRef = BBB369E21D569BAE008D43AE /* Panton-SemiBold.otf */; };
		BBB369EC1D569BAE008D43AE /* Panton-Thin.otf in Resources */ = {isa = PBXBuildFile; fileRef = BBB369E31D569BAE008D43AE /* Panton-Thin.otf */; };
		BBB369F01D569C45008D43AE /* MoodViewController.swift in Sources */ = {isa = PBXBuildFile; fileRef = BBB369EF1D569C45008D43AE /* MoodViewController.swift */; };
		BBB369F21D569D05008D43AE /* MoodCollectionViewCell.swift in Sources */ = {isa = PBXBuildFile; fileRef = BBB369F11D569D05008D43AE /* MoodCollectionViewCell.swift */; };
		BBB369F41D569FAC008D43AE /* UIColorExtension.swift in Sources */ = {isa = PBXBuildFile; fileRef = BBB369F31D569FAC008D43AE /* UIColorExtension.swift */; };
		BBB369FB1D56A7E7008D43AE /* SystemConfiguration.framework in Frameworks */ = {isa = PBXBuildFile; fileRef = BBB369FA1D56A7E7008D43AE /* SystemConfiguration.framework */; };
		BBD9E82D1D56DBCA008023A2 /* VideoTableViewCell.swift in Sources */ = {isa = PBXBuildFile; fileRef = BBD9E82C1D56DBCA008023A2 /* VideoTableViewCell.swift */; };
		BBD9E8351D571112008023A2 /* SwiftyJSON.swift in Sources */ = {isa = PBXBuildFile; fileRef = BBD9E8341D571112008023A2 /* SwiftyJSON.swift */; };
		C0B07F9E6B8255065B674FEF /* Pods_Mosie.framework in Frameworks */ = {isa = PBXBuildFile; fileRef = 0A6AD9CEEA5D7CC12554E9DC /* Pods_Mosie.framework */; };
/* End PBXBuildFile section */

/* Begin PBXContainerItemProxy section */
		BB653FFA1D56787E00AF80E8 /* PBXContainerItemProxy */ = {
			isa = PBXContainerItemProxy;
			containerPortal = BB653FDA1D56787E00AF80E8 /* Project object */;
			proxyType = 1;
			remoteGlobalIDString = BB653FE11D56787E00AF80E8;
			remoteInfo = Mosie;
		};
		BB6540051D56787E00AF80E8 /* PBXContainerItemProxy */ = {
			isa = PBXContainerItemProxy;
			containerPortal = BB653FDA1D56787E00AF80E8 /* Project object */;
			proxyType = 1;
			remoteGlobalIDString = BB653FE11D56787E00AF80E8;
			remoteInfo = Mosie;
		};
/* End PBXContainerItemProxy section */

/* Begin PBXFileReference section */
		0A166084560381F32D30D388 /* Pods-Mosie.release.xcconfig */ = {isa = PBXFileReference; includeInIndex = 1; lastKnownFileType = text.xcconfig; name = "Pods-Mosie.release.xcconfig"; path = "Pods/Target Support Files/Pods-Mosie/Pods-Mosie.release.xcconfig"; sourceTree = "<group>"; };
		0A6AD9CEEA5D7CC12554E9DC /* Pods_Mosie.framework */ = {isa = PBXFileReference; explicitFileType = wrapper.framework; includeInIndex = 0; path = Pods_Mosie.framework; sourceTree = BUILT_PRODUCTS_DIR; };
		196996E2EAB79A9078E4D530 /* Pods-Mosie.debug.xcconfig */ = {isa = PBXFileReference; includeInIndex = 1; lastKnownFileType = text.xcconfig; name = "Pods-Mosie.debug.xcconfig"; path = "Pods/Target Support Files/Pods-Mosie/Pods-Mosie.debug.xcconfig"; sourceTree = "<group>"; };
		5C5FEBE3C9F20C65051667D9 /* Pods_Mosie.framework */ = {isa = PBXFileReference; explicitFileType = wrapper.framework; includeInIndex = 0; path = Pods_Mosie.framework; sourceTree = BUILT_PRODUCTS_DIR; };
		8B9D83DB1D56AC6B00DB01EE /* Spotify.framework */ = {isa = PBXFileReference; lastKnownFileType = wrapper.framework; path = Spotify.framework; sourceTree = "<group>"; };
		8B9D83DD1D56AC9F00DB01EE /* APIMagic.swift */ = {isa = PBXFileReference; fileEncoding = 4; lastKnownFileType = sourcecode.swift; path = APIMagic.swift; sourceTree = "<group>"; };
		8B9D83DF1D56B32A00DB01EE /* Mosie-Bridging-Header.h */ = {isa = PBXFileReference; lastKnownFileType = sourcecode.c.h; path = "Mosie-Bridging-Header.h"; sourceTree = "<group>"; };
		8B9D83E31D56B34C00DB01EE /* AVFoundation.framework */ = {isa = PBXFileReference; lastKnownFileType = wrapper.framework; name = AVFoundation.framework; path = System/Library/Frameworks/AVFoundation.framework; sourceTree = SDKROOT; };
		BB653FE21D56787E00AF80E8 /* Mosie.app */ = {isa = PBXFileReference; explicitFileType = wrapper.application; includeInIndex = 0; path = Mosie.app; sourceTree = BUILT_PRODUCTS_DIR; };
		BB653FE51D56787E00AF80E8 /* AppDelegate.swift */ = {isa = PBXFileReference; lastKnownFileType = sourcecode.swift; path = AppDelegate.swift; sourceTree = "<group>"; };
		BB653FEA1D56787E00AF80E8 /* Base */ = {isa = PBXFileReference; lastKnownFileType = file.storyboard; name = Base; path = Base.lproj/Main.storyboard; sourceTree = "<group>"; };
		BB653FED1D56787E00AF80E8 /* Mosie.xcdatamodel */ = {isa = PBXFileReference; lastKnownFileType = wrapper.xcdatamodel; path = Mosie.xcdatamodel; sourceTree = "<group>"; };
		BB653FEF1D56787E00AF80E8 /* Assets.xcassets */ = {isa = PBXFileReference; lastKnownFileType = folder.assetcatalog; path = Assets.xcassets; sourceTree = "<group>"; };
		BB653FF21D56787E00AF80E8 /* Base */ = {isa = PBXFileReference; lastKnownFileType = file.storyboard; name = Base; path = Base.lproj/LaunchScreen.storyboard; sourceTree = "<group>"; };
		BB653FF41D56787E00AF80E8 /* Info.plist */ = {isa = PBXFileReference; lastKnownFileType = text.plist.xml; path = Info.plist; sourceTree = "<group>"; };
		BB653FF91D56787E00AF80E8 /* MosieTests.xctest */ = {isa = PBXFileReference; explicitFileType = wrapper.cfbundle; includeInIndex = 0; path = MosieTests.xctest; sourceTree = BUILT_PRODUCTS_DIR; };
		BB653FFD1D56787E00AF80E8 /* MosieTests.swift */ = {isa = PBXFileReference; lastKnownFileType = sourcecode.swift; path = MosieTests.swift; sourceTree = "<group>"; };
		BB653FFF1D56787E00AF80E8 /* Info.plist */ = {isa = PBXFileReference; lastKnownFileType = text.plist.xml; path = Info.plist; sourceTree = "<group>"; };
		BB6540041D56787E00AF80E8 /* MosieUITests.xctest */ = {isa = PBXFileReference; explicitFileType = wrapper.cfbundle; includeInIndex = 0; path = MosieUITests.xctest; sourceTree = BUILT_PRODUCTS_DIR; };
		BB6540081D56787E00AF80E8 /* MosieUITests.swift */ = {isa = PBXFileReference; lastKnownFileType = sourcecode.swift; path = MosieUITests.swift; sourceTree = "<group>"; };
		BB65400A1D56787E00AF80E8 /* Info.plist */ = {isa = PBXFileReference; lastKnownFileType = text.plist.xml; path = Info.plist; sourceTree = "<group>"; };
		BB6540161D567AE100AF80E8 /* MainSideViewController.swift */ = {isa = PBXFileReference; fileEncoding = 4; lastKnownFileType = sourcecode.swift; path = MainSideViewController.swift; sourceTree = "<group>"; };
		BB6540181D567B4200AF80E8 /* VideoStoryboard.storyboard */ = {isa = PBXFileReference; fileEncoding = 4; lastKnownFileType = file.storyboard; path = VideoStoryboard.storyboard; sourceTree = "<group>"; };
		BB65401A1D567B4A00AF80E8 /* AudioStoryboard.storyboard */ = {isa = PBXFileReference; fileEncoding = 4; lastKnownFileType = file.storyboard; path = AudioStoryboard.storyboard; sourceTree = "<group>"; };
		BB65401E1D567BFD00AF80E8 /* RootVideoViewController.swift */ = {isa = PBXFileReference; fileEncoding = 4; lastKnownFileType = sourcecode.swift; path = RootVideoViewController.swift; sourceTree = "<group>"; };
		BB6540201D567C3500AF80E8 /* RootAudioViewController.swift */ = {isa = PBXFileReference; fileEncoding = 4; lastKnownFileType = sourcecode.swift; path = RootAudioViewController.swift; sourceTree = "<group>"; };
		BB674FBA1D56AC76000C9A35 /* SongTableViewCell.swift */ = {isa = PBXFileReference; fileEncoding = 4; lastKnownFileType = sourcecode.swift; path = SongTableViewCell.swift; sourceTree = "<group>"; };
		BB674FBC1D56C6E0000C9A35 /* PlaybackBarView.swift */ = {isa = PBXFileReference; fileEncoding = 4; lastKnownFileType = sourcecode.swift; path = PlaybackBarView.swift; sourceTree = "<group>"; };
		BB674FBE1D56C9AB000C9A35 /* SongControlBarViewController.swift */ = {isa = PBXFileReference; fileEncoding = 4; lastKnownFileType = sourcecode.swift; path = SongControlBarViewController.swift; sourceTree = "<group>"; };
		BB7DDEB01D56822500575A1F /* MainNavigationViewController.swift */ = {isa = PBXFileReference; fileEncoding = 4; lastKnownFileType = sourcecode.swift; path = MainNavigationViewController.swift; sourceTree = "<group>"; };
		BBB369D01D568C5E008D43AE /* SettingsStoryboard.storyboard */ = {isa = PBXFileReference; fileEncoding = 4; lastKnownFileType = file.storyboard; path = SettingsStoryboard.storyboard; sourceTree = "<group>"; };
		BBB369D21D568C6E008D43AE /* SettingsViewController.swift */ = {isa = PBXFileReference; fileEncoding = 4; lastKnownFileType = sourcecode.swift; path = SettingsViewController.swift; sourceTree = "<group>"; };
		BBB369D51D569B7A008D43AE /* Brandon_light.otf */ = {isa = PBXFileReference; lastKnownFileType = file; path = Brandon_light.otf; sourceTree = "<group>"; };
		BBB369D61D569B7A008D43AE /* Brandon_med.otf */ = {isa = PBXFileReference; lastKnownFileType = file; path = Brandon_med.otf; sourceTree = "<group>"; };
		BBB369D71D569B7A008D43AE /* Brandon_reg.ttf */ = {isa = PBXFileReference; lastKnownFileType = file; path = Brandon_reg.ttf; sourceTree = "<group>"; };
		BBB369DB1D569BAE008D43AE /* Panton-Black.otf */ = {isa = PBXFileReference; lastKnownFileType = file; path = "Panton-Black.otf"; sourceTree = "<group>"; };
		BBB369DC1D569BAE008D43AE /* Panton-Bold.otf */ = {isa = PBXFileReference; lastKnownFileType = file; path = "Panton-Bold.otf"; sourceTree = "<group>"; };
		BBB369DD1D569BAE008D43AE /* Panton-ExtraBold.otf */ = {isa = PBXFileReference; lastKnownFileType = file; path = "Panton-ExtraBold.otf"; sourceTree = "<group>"; };
		BBB369DE1D569BAE008D43AE /* Panton-ExtraLight.otf */ = {isa = PBXFileReference; lastKnownFileType = file; path = "Panton-ExtraLight.otf"; sourceTree = "<group>"; };
		BBB369DF1D569BAE008D43AE /* Panton-Heavy.otf */ = {isa = PBXFileReference; lastKnownFileType = file; path = "Panton-Heavy.otf"; sourceTree = "<group>"; };
		BBB369E01D569BAE008D43AE /* Panton-Light.otf */ = {isa = PBXFileReference; lastKnownFileType = file; path = "Panton-Light.otf"; sourceTree = "<group>"; };
		BBB369E11D569BAE008D43AE /* Panton-Regular.otf */ = {isa = PBXFileReference; lastKnownFileType = file; path = "Panton-Regular.otf"; sourceTree = "<group>"; };
		BBB369E21D569BAE008D43AE /* Panton-SemiBold.otf */ = {isa = PBXFileReference; lastKnownFileType = file; path = "Panton-SemiBold.otf"; sourceTree = "<group>"; };
		BBB369E31D569BAE008D43AE /* Panton-Thin.otf */ = {isa = PBXFileReference; lastKnownFileType = file; path = "Panton-Thin.otf"; sourceTree = "<group>"; };
		BBB369EF1D569C45008D43AE /* MoodViewController.swift */ = {isa = PBXFileReference; fileEncoding = 4; lastKnownFileType = sourcecode.swift; path = MoodViewController.swift; sourceTree = "<group>"; };
		BBB369F11D569D05008D43AE /* MoodCollectionViewCell.swift */ = {isa = PBXFileReference; fileEncoding = 4; lastKnownFileType = sourcecode.swift; path = MoodCollectionViewCell.swift; sourceTree = "<group>"; };
		BBB369F31D569FAC008D43AE /* UIColorExtension.swift */ = {isa = PBXFileReference; fileEncoding = 4; lastKnownFileType = sourcecode.swift; path = UIColorExtension.swift; sourceTree = "<group>"; };
		BBB369F81D56A7D9008D43AE /* AVFoundation.framework */ = {isa = PBXFileReference; lastKnownFileType = wrapper.framework; name = AVFoundation.framework; path = System/Library/Frameworks/AVFoundation.framework; sourceTree = SDKROOT; };
		BBB369FA1D56A7E7008D43AE /* SystemConfiguration.framework */ = {isa = PBXFileReference; lastKnownFileType = wrapper.framework; name = SystemConfiguration.framework; path = System/Library/Frameworks/SystemConfiguration.framework; sourceTree = SDKROOT; };
		BBD9E82C1D56DBCA008023A2 /* VideoTableViewCell.swift */ = {isa = PBXFileReference; fileEncoding = 4; lastKnownFileType = sourcecode.swift; path = VideoTableViewCell.swift; sourceTree = "<group>"; };
		BBD9E8341D571112008023A2 /* SwiftyJSON.swift */ = {isa = PBXFileReference; fileEncoding = 4; lastKnownFileType = sourcecode.swift; path = SwiftyJSON.swift; sourceTree = "<group>"; };
/* End PBXFileReference section */

/* Begin PBXFrameworksBuildPhase section */
		BB653FDF1D56787E00AF80E8 /* Frameworks */ = {
			isa = PBXFrameworksBuildPhase;
			buildActionMask = 2147483647;
			files = (
				8B9D83E41D56B34C00DB01EE /* AVFoundation.framework in Frameworks */,
				BBB369FB1D56A7E7008D43AE /* SystemConfiguration.framework in Frameworks */,
				6E3B6ED101F42E0546685277 /* Pods_Mosie.framework in Frameworks */,
				8B9D83DC1D56AC6B00DB01EE /* Spotify.framework in Frameworks */,
				C0B07F9E6B8255065B674FEF /* Pods_Mosie.framework in Frameworks */,
			);
			runOnlyForDeploymentPostprocessing = 0;
		};
		BB653FF61D56787E00AF80E8 /* Frameworks */ = {
			isa = PBXFrameworksBuildPhase;
			buildActionMask = 2147483647;
			files = (
			);
			runOnlyForDeploymentPostprocessing = 0;
		};
		BB6540011D56787E00AF80E8 /* Frameworks */ = {
			isa = PBXFrameworksBuildPhase;
			buildActionMask = 2147483647;
			files = (
			);
			runOnlyForDeploymentPostprocessing = 0;
		};
/* End PBXFrameworksBuildPhase section */

/* Begin PBXGroup section */
		3F522FDD5551E49DFBFAFEF1 /* Frameworks */ = {
			isa = PBXGroup;
			children = (
				8B9D83E31D56B34C00DB01EE /* AVFoundation.framework */,
				8B9D83DB1D56AC6B00DB01EE /* Spotify.framework */,
				5C5FEBE3C9F20C65051667D9 /* Pods_Mosie.framework */,
			);
			name = Frameworks;
			sourceTree = "<group>";
		};
		A37C5D860482F8DEF4FC3B42 /* Pods */ = {
			isa = PBXGroup;
			children = (
				196996E2EAB79A9078E4D530 /* Pods-Mosie.debug.xcconfig */,
				0A166084560381F32D30D388 /* Pods-Mosie.release.xcconfig */,
			);
			name = Pods;
			sourceTree = "<group>";
		};
		BB653FD91D56787E00AF80E8 = {
			isa = PBXGroup;
			children = (
				BBB369F71D56A6CB008D43AE /* Frameworks */,
				BB653FE41D56787E00AF80E8 /* Mosie */,
				BB653FFC1D56787E00AF80E8 /* MosieTests */,
				BB6540071D56787E00AF80E8 /* MosieUITests */,
				BB653FE31D56787E00AF80E8 /* Products */,
				A37C5D860482F8DEF4FC3B42 /* Pods */,
				3F522FDD5551E49DFBFAFEF1 /* Frameworks */,
				8B9D83DF1D56B32A00DB01EE /* Mosie-Bridging-Header.h */,
			);
			sourceTree = "<group>";
		};
		BB653FE31D56787E00AF80E8 /* Products */ = {
			isa = PBXGroup;
			children = (
				BB653FE21D56787E00AF80E8 /* Mosie.app */,
				BB653FF91D56787E00AF80E8 /* MosieTests.xctest */,
				BB6540041D56787E00AF80E8 /* MosieUITests.xctest */,
			);
			name = Products;
			sourceTree = "<group>";
		};
		BB653FE41D56787E00AF80E8 /* Mosie */ = {
			isa = PBXGroup;
			children = (
				BB653FE51D56787E00AF80E8 /* AppDelegate.swift */,
				BB653FE91D56787E00AF80E8 /* Main.storyboard */,
				BB6540161D567AE100AF80E8 /* MainSideViewController.swift */,
				BB7DDEB01D56822500575A1F /* MainNavigationViewController.swift */,
				BBB369D41D568C80008D43AE /* Settings Section */,
				BB65401C1D567B5000AF80E8 /* Video Section */,
				BB65401D1D567B5800AF80E8 /* Audio Section */,
				BB653FEF1D56787E00AF80E8 /* Assets.xcassets */,
				BB653FF11D56787E00AF80E8 /* LaunchScreen.storyboard */,
				BB653FF41D56787E00AF80E8 /* Info.plist */,
				BB653FEC1D56787E00AF80E8 /* Mosie.xcdatamodeld */,
				BBB369EE1D569C06008D43AE /* Assetts */,
				8B9D83DD1D56AC9F00DB01EE /* APIMagic.swift */,
			);
			path = Mosie;
			sourceTree = "<group>";
		};
		BB653FFC1D56787E00AF80E8 /* MosieTests */ = {
			isa = PBXGroup;
			children = (
				BB653FFD1D56787E00AF80E8 /* MosieTests.swift */,
				BB653FFF1D56787E00AF80E8 /* Info.plist */,
			);
			path = MosieTests;
			sourceTree = "<group>";
		};
		BB6540071D56787E00AF80E8 /* MosieUITests */ = {
			isa = PBXGroup;
			children = (
				BB6540081D56787E00AF80E8 /* MosieUITests.swift */,
				BB65400A1D56787E00AF80E8 /* Info.plist */,
			);
			path = MosieUITests;
			sourceTree = "<group>";
		};
		BB65401C1D567B5000AF80E8 /* Video Section */ = {
			isa = PBXGroup;
			children = (
				BB6540181D567B4200AF80E8 /* VideoStoryboard.storyboard */,
				BBD9E82C1D56DBCA008023A2 /* VideoTableViewCell.swift */,
				BBB369F11D569D05008D43AE /* MoodCollectionViewCell.swift */,
				BBB369EF1D569C45008D43AE /* MoodViewController.swift */,
				BB65401E1D567BFD00AF80E8 /* RootVideoViewController.swift */,
			);
			name = "Video Section";
			sourceTree = "<group>";
		};
		BB65401D1D567B5800AF80E8 /* Audio Section */ = {
			isa = PBXGroup;
			children = (
				BB65401A1D567B4A00AF80E8 /* AudioStoryboard.storyboard */,
				BB674FBE1D56C9AB000C9A35 /* SongControlBarViewController.swift */,
				BB674FBA1D56AC76000C9A35 /* SongTableViewCell.swift */,
				BB6540201D567C3500AF80E8 /* RootAudioViewController.swift */,
				BB674FBC1D56C6E0000C9A35 /* PlaybackBarView.swift */,
			);
			name = "Audio Section";
			sourceTree = "<group>";
		};
		BBB369D41D568C80008D43AE /* Settings Section */ = {
			isa = PBXGroup;
			children = (
				BBB369D01D568C5E008D43AE /* SettingsStoryboard.storyboard */,
				BBB369D21D568C6E008D43AE /* SettingsViewController.swift */,
			);
			name = "Settings Section";
			sourceTree = "<group>";
		};
		BBB369ED1D569BBB008D43AE /* Fonts */ = {
			isa = PBXGroup;
			children = (
				BBB369D51D569B7A008D43AE /* Brandon_light.otf */,
				BBB369D61D569B7A008D43AE /* Brandon_med.otf */,
				BBB369D71D569B7A008D43AE /* Brandon_reg.ttf */,
				BBB369DB1D569BAE008D43AE /* Panton-Black.otf */,
				BBB369DC1D569BAE008D43AE /* Panton-Bold.otf */,
				BBB369DD1D569BAE008D43AE /* Panton-ExtraBold.otf */,
				BBB369DE1D569BAE008D43AE /* Panton-ExtraLight.otf */,
				BBB369DF1D569BAE008D43AE /* Panton-Heavy.otf */,
				BBB369E01D569BAE008D43AE /* Panton-Light.otf */,
				BBB369E11D569BAE008D43AE /* Panton-Regular.otf */,
				BBB369E21D569BAE008D43AE /* Panton-SemiBold.otf */,
				BBB369E31D569BAE008D43AE /* Panton-Thin.otf */,
			);
			name = Fonts;
			sourceTree = "<group>";
		};
		BBB369EE1D569C06008D43AE /* Assetts */ = {
			isa = PBXGroup;
			children = (
				BBD9E8341D571112008023A2 /* SwiftyJSON.swift */,
				BBB369F31D569FAC008D43AE /* UIColorExtension.swift */,
				BBB369ED1D569BBB008D43AE /* Fonts */,
			);
			name = Assetts;
			sourceTree = "<group>";
		};
		BBB369F71D56A6CB008D43AE /* Frameworks */ = {
			isa = PBXGroup;
			children = (
				BBB369FA1D56A7E7008D43AE /* SystemConfiguration.framework */,
				BBB369F81D56A7D9008D43AE /* AVFoundation.framework */,
				0A6AD9CEEA5D7CC12554E9DC /* Pods_Mosie.framework */,
			);
			name = Frameworks;
			sourceTree = "<group>";
		};
/* End PBXGroup section */

/* Begin PBXNativeTarget section */
		BB653FE11D56787E00AF80E8 /* Mosie */ = {
			isa = PBXNativeTarget;
			buildConfigurationList = BB65400D1D56787E00AF80E8 /* Build configuration list for PBXNativeTarget "Mosie" */;
			buildPhases = (
				0F69969F5DBEE81BAA6C463C /* [CP] Check Pods Manifest.lock */,
				BB653FDE1D56787E00AF80E8 /* Sources */,
				BB653FDF1D56787E00AF80E8 /* Frameworks */,
				BB653FE01D56787E00AF80E8 /* Resources */,
				6327B5F846B45E8944160D79 /* [CP] Embed Pods Frameworks */,
				23B186AB58D144D7439E41A2 /* [CP] Copy Pods Resources */,
			);
			buildRules = (
			);
			dependencies = (
			);
			name = Mosie;
			productName = Mosie;
			productReference = BB653FE21D56787E00AF80E8 /* Mosie.app */;
			productType = "com.apple.product-type.application";
		};
		BB653FF81D56787E00AF80E8 /* MosieTests */ = {
			isa = PBXNativeTarget;
			buildConfigurationList = BB6540101D56787E00AF80E8 /* Build configuration list for PBXNativeTarget "MosieTests" */;
			buildPhases = (
				BB653FF51D56787E00AF80E8 /* Sources */,
				BB653FF61D56787E00AF80E8 /* Frameworks */,
				BB653FF71D56787E00AF80E8 /* Resources */,
			);
			buildRules = (
			);
			dependencies = (
				BB653FFB1D56787E00AF80E8 /* PBXTargetDependency */,
			);
			name = MosieTests;
			productName = MosieTests;
			productReference = BB653FF91D56787E00AF80E8 /* MosieTests.xctest */;
			productType = "com.apple.product-type.bundle.unit-test";
		};
		BB6540031D56787E00AF80E8 /* MosieUITests */ = {
			isa = PBXNativeTarget;
			buildConfigurationList = BB6540131D56787E00AF80E8 /* Build configuration list for PBXNativeTarget "MosieUITests" */;
			buildPhases = (
				BB6540001D56787E00AF80E8 /* Sources */,
				BB6540011D56787E00AF80E8 /* Frameworks */,
				BB6540021D56787E00AF80E8 /* Resources */,
			);
			buildRules = (
			);
			dependencies = (
				BB6540061D56787E00AF80E8 /* PBXTargetDependency */,
			);
			name = MosieUITests;
			productName = MosieUITests;
			productReference = BB6540041D56787E00AF80E8 /* MosieUITests.xctest */;
			productType = "com.apple.product-type.bundle.ui-testing";
		};
/* End PBXNativeTarget section */

/* Begin PBXProject section */
		BB653FDA1D56787E00AF80E8 /* Project object */ = {
			isa = PBXProject;
			attributes = {
				LastSwiftUpdateCheck = 0730;
				LastUpgradeCheck = 0730;
				ORGANIZATIONNAME = MemeMasters;
				TargetAttributes = {
					BB653FE11D56787E00AF80E8 = {
						CreatedOnToolsVersion = 7.3.1;
					};
					BB653FF81D56787E00AF80E8 = {
						CreatedOnToolsVersion = 7.3.1;
						TestTargetID = BB653FE11D56787E00AF80E8;
					};
					BB6540031D56787E00AF80E8 = {
						CreatedOnToolsVersion = 7.3.1;
						TestTargetID = BB653FE11D56787E00AF80E8;
					};
				};
			};
			buildConfigurationList = BB653FDD1D56787E00AF80E8 /* Build configuration list for PBXProject "Mosie" */;
			compatibilityVersion = "Xcode 3.2";
			developmentRegion = English;
			hasScannedForEncodings = 0;
			knownRegions = (
				en,
				Base,
			);
			mainGroup = BB653FD91D56787E00AF80E8;
			productRefGroup = BB653FE31D56787E00AF80E8 /* Products */;
			projectDirPath = "";
			projectRoot = "";
			targets = (
				BB653FE11D56787E00AF80E8 /* Mosie */,
				BB653FF81D56787E00AF80E8 /* MosieTests */,
				BB6540031D56787E00AF80E8 /* MosieUITests */,
			);
		};
/* End PBXProject section */

/* Begin PBXResourcesBuildPhase section */
		BB653FE01D56787E00AF80E8 /* Resources */ = {
			isa = PBXResourcesBuildPhase;
			buildActionMask = 2147483647;
			files = (
				BBB369EC1D569BAE008D43AE /* Panton-Thin.otf in Resources */,
				BBB369D11D568C5E008D43AE /* SettingsStoryboard.storyboard in Resources */,
				BB653FF31D56787E00AF80E8 /* LaunchScreen.storyboard in Resources */,
				BBB369DA1D569B7A008D43AE /* Brandon_reg.ttf in Resources */,
				BBB369E51D569BAE008D43AE /* Panton-Bold.otf in Resources */,
				BB6540191D567B4200AF80E8 /* VideoStoryboard.storyboard in Resources */,
				BBB369E71D569BAE008D43AE /* Panton-ExtraLight.otf in Resources */,
				BBB369E61D569BAE008D43AE /* Panton-ExtraBold.otf in Resources */,
				BB65401B1D567B4A00AF80E8 /* AudioStoryboard.storyboard in Resources */,
				BBB369EA1D569BAE008D43AE /* Panton-Regular.otf in Resources */,
				BBB369E91D569BAE008D43AE /* Panton-Light.otf in Resources */,
				BBB369EB1D569BAE008D43AE /* Panton-SemiBold.otf in Resources */,
				BBB369D81D569B7A008D43AE /* Brandon_light.otf in Resources */,
				BB653FF01D56787E00AF80E8 /* Assets.xcassets in Resources */,
				BBB369E41D569BAE008D43AE /* Panton-Black.otf in Resources */,
				BB653FEB1D56787E00AF80E8 /* Main.storyboard in Resources */,
				BBB369D91D569B7A008D43AE /* Brandon_med.otf in Resources */,
				BBB369E81D569BAE008D43AE /* Panton-Heavy.otf in Resources */,
			);
			runOnlyForDeploymentPostprocessing = 0;
		};
		BB653FF71D56787E00AF80E8 /* Resources */ = {
			isa = PBXResourcesBuildPhase;
			buildActionMask = 2147483647;
			files = (
			);
			runOnlyForDeploymentPostprocessing = 0;
		};
		BB6540021D56787E00AF80E8 /* Resources */ = {
			isa = PBXResourcesBuildPhase;
			buildActionMask = 2147483647;
			files = (
			);
			runOnlyForDeploymentPostprocessing = 0;
		};
/* End PBXResourcesBuildPhase section */

/* Begin PBXShellScriptBuildPhase section */
		0F69969F5DBEE81BAA6C463C /* [CP] Check Pods Manifest.lock */ = {
			isa = PBXShellScriptBuildPhase;
			buildActionMask = 2147483647;
			files = (
			);
			inputPaths = (
			);
			name = "[CP] Check Pods Manifest.lock";
			outputPaths = (
			);
			runOnlyForDeploymentPostprocessing = 0;
			shellPath = /bin/sh;
			shellScript = "diff \"${PODS_ROOT}/../Podfile.lock\" \"${PODS_ROOT}/Manifest.lock\" > /dev/null\nif [[ $? != 0 ]] ; then\n    cat << EOM\nerror: The sandbox is not in sync with the Podfile.lock. Run 'pod install' or update your CocoaPods installation.\nEOM\n    exit 1\nfi\n";
			showEnvVarsInLog = 0;
		};
		23B186AB58D144D7439E41A2 /* [CP] Copy Pods Resources */ = {
			isa = PBXShellScriptBuildPhase;
			buildActionMask = 2147483647;
			files = (
			);
			inputPaths = (
			);
			name = "[CP] Copy Pods Resources";
			outputPaths = (
			);
			runOnlyForDeploymentPostprocessing = 0;
			shellPath = /bin/sh;
			shellScript = "\"${SRCROOT}/Pods/Target Support Files/Pods-Mosie/Pods-Mosie-resources.sh\"\n";
			showEnvVarsInLog = 0;
		};
		6327B5F846B45E8944160D79 /* [CP] Embed Pods Frameworks */ = {
			isa = PBXShellScriptBuildPhase;
			buildActionMask = 2147483647;
			files = (
			);
			inputPaths = (
			);
			name = "[CP] Embed Pods Frameworks";
			outputPaths = (
			);
			runOnlyForDeploymentPostprocessing = 0;
			shellPath = /bin/sh;
			shellScript = "\"${SRCROOT}/Pods/Target Support Files/Pods-Mosie/Pods-Mosie-frameworks.sh\"\n";
			showEnvVarsInLog = 0;
		};
/* End PBXShellScriptBuildPhase section */

/* Begin PBXSourcesBuildPhase section */
		BB653FDE1D56787E00AF80E8 /* Sources */ = {
			isa = PBXSourcesBuildPhase;
			buildActionMask = 2147483647;
			files = (
				BB6540171D567AE100AF80E8 /* MainSideViewController.swift in Sources */,
				BBB369F21D569D05008D43AE /* MoodCollectionViewCell.swift in Sources */,
				BBB369F01D569C45008D43AE /* MoodViewController.swift in Sources */,
				8B9D83DE1D56AC9F00DB01EE /* APIMagic.swift in Sources */,
				BB674FBB1D56AC76000C9A35 /* SongTableViewCell.swift in Sources */,
				BB7DDEB11D56822500575A1F /* MainNavigationViewController.swift in Sources */,
				BB674FBF1D56C9AB000C9A35 /* SongControlBarViewController.swift in Sources */,
				BBB369D31D568C6E008D43AE /* SettingsViewController.swift in Sources */,
				BB653FEE1D56787E00AF80E8 /* Mosie.xcdatamodeld in Sources */,
				BB674FBD1D56C6E0000C9A35 /* PlaybackBarView.swift in Sources */,
				BB6540211D567C3500AF80E8 /* RootAudioViewController.swift in Sources */,
				BBD9E8351D571112008023A2 /* SwiftyJSON.swift in Sources */,
				BBB369F41D569FAC008D43AE /* UIColorExtension.swift in Sources */,
				BB65401F1D567BFD00AF80E8 /* RootVideoViewController.swift in Sources */,
				BB653FE61D56787E00AF80E8 /* AppDelegate.swift in Sources */,
				BBD9E82D1D56DBCA008023A2 /* VideoTableViewCell.swift in Sources */,
			);
			runOnlyForDeploymentPostprocessing = 0;
		};
		BB653FF51D56787E00AF80E8 /* Sources */ = {
			isa = PBXSourcesBuildPhase;
			buildActionMask = 2147483647;
			files = (
				BB653FFE1D56787E00AF80E8 /* MosieTests.swift in Sources */,
			);
			runOnlyForDeploymentPostprocessing = 0;
		};
		BB6540001D56787E00AF80E8 /* Sources */ = {
			isa = PBXSourcesBuildPhase;
			buildActionMask = 2147483647;
			files = (
				BB6540091D56787E00AF80E8 /* MosieUITests.swift in Sources */,
			);
			runOnlyForDeploymentPostprocessing = 0;
		};
/* End PBXSourcesBuildPhase section */

/* Begin PBXTargetDependency section */
		BB653FFB1D56787E00AF80E8 /* PBXTargetDependency */ = {
			isa = PBXTargetDependency;
			target = BB653FE11D56787E00AF80E8 /* Mosie */;
			targetProxy = BB653FFA1D56787E00AF80E8 /* PBXContainerItemProxy */;
		};
		BB6540061D56787E00AF80E8 /* PBXTargetDependency */ = {
			isa = PBXTargetDependency;
			target = BB653FE11D56787E00AF80E8 /* Mosie */;
			targetProxy = BB6540051D56787E00AF80E8 /* PBXContainerItemProxy */;
		};
/* End PBXTargetDependency section */

/* Begin PBXVariantGroup section */
		BB653FE91D56787E00AF80E8 /* Main.storyboard */ = {
			isa = PBXVariantGroup;
			children = (
				BB653FEA1D56787E00AF80E8 /* Base */,
			);
			name = Main.storyboard;
			sourceTree = "<group>";
		};
		BB653FF11D56787E00AF80E8 /* LaunchScreen.storyboard */ = {
			isa = PBXVariantGroup;
			children = (
				BB653FF21D56787E00AF80E8 /* Base */,
			);
			name = LaunchScreen.storyboard;
			sourceTree = "<group>";
		};
/* End PBXVariantGroup section */

/* Begin XCBuildConfiguration section */
		BB65400B1D56787E00AF80E8 /* Debug */ = {
			isa = XCBuildConfiguration;
			buildSettings = {
				ALWAYS_SEARCH_USER_PATHS = NO;
				CLANG_ANALYZER_NONNULL = YES;
				CLANG_CXX_LANGUAGE_STANDARD = "gnu++0x";
				CLANG_CXX_LIBRARY = "libc++";
				CLANG_ENABLE_MODULES = YES;
				CLANG_ENABLE_OBJC_ARC = YES;
				CLANG_WARN_BOOL_CONVERSION = YES;
				CLANG_WARN_CONSTANT_CONVERSION = YES;
				CLANG_WARN_DIRECT_OBJC_ISA_USAGE = YES_ERROR;
				CLANG_WARN_EMPTY_BODY = YES;
				CLANG_WARN_ENUM_CONVERSION = YES;
				CLANG_WARN_INT_CONVERSION = YES;
				CLANG_WARN_OBJC_ROOT_CLASS = YES_ERROR;
				CLANG_WARN_UNREACHABLE_CODE = YES;
				CLANG_WARN__DUPLICATE_METHOD_MATCH = YES;
				"CODE_SIGN_IDENTITY[sdk=iphoneos*]" = "iPhone Developer";
				COPY_PHASE_STRIP = NO;
				DEBUG_INFORMATION_FORMAT = dwarf;
				ENABLE_STRICT_OBJC_MSGSEND = YES;
				ENABLE_TESTABILITY = YES;
				GCC_C_LANGUAGE_STANDARD = gnu99;
				GCC_DYNAMIC_NO_PIC = NO;
				GCC_NO_COMMON_BLOCKS = YES;
				GCC_OPTIMIZATION_LEVEL = 0;
				GCC_PREPROCESSOR_DEFINITIONS = (
					"DEBUG=1",
					"$(inherited)",
				);
				GCC_WARN_64_TO_32_BIT_CONVERSION = YES;
				GCC_WARN_ABOUT_RETURN_TYPE = YES_ERROR;
				GCC_WARN_UNDECLARED_SELECTOR = YES;
				GCC_WARN_UNINITIALIZED_AUTOS = YES_AGGRESSIVE;
				GCC_WARN_UNUSED_FUNCTION = YES;
				GCC_WARN_UNUSED_VARIABLE = YES;
				IPHONEOS_DEPLOYMENT_TARGET = 9.3;
				MTL_ENABLE_DEBUG_INFO = YES;
				ONLY_ACTIVE_ARCH = YES;
				SDKROOT = iphoneos;
				SWIFT_OPTIMIZATION_LEVEL = "-Onone";
				TARGETED_DEVICE_FAMILY = 2;
			};
			name = Debug;
		};
		BB65400C1D56787E00AF80E8 /* Release */ = {
			isa = XCBuildConfiguration;
			buildSettings = {
				ALWAYS_SEARCH_USER_PATHS = NO;
				CLANG_ANALYZER_NONNULL = YES;
				CLANG_CXX_LANGUAGE_STANDARD = "gnu++0x";
				CLANG_CXX_LIBRARY = "libc++";
				CLANG_ENABLE_MODULES = YES;
				CLANG_ENABLE_OBJC_ARC = YES;
				CLANG_WARN_BOOL_CONVERSION = YES;
				CLANG_WARN_CONSTANT_CONVERSION = YES;
				CLANG_WARN_DIRECT_OBJC_ISA_USAGE = YES_ERROR;
				CLANG_WARN_EMPTY_BODY = YES;
				CLANG_WARN_ENUM_CONVERSION = YES;
				CLANG_WARN_INT_CONVERSION = YES;
				CLANG_WARN_OBJC_ROOT_CLASS = YES_ERROR;
				CLANG_WARN_UNREACHABLE_CODE = YES;
				CLANG_WARN__DUPLICATE_METHOD_MATCH = YES;
				"CODE_SIGN_IDENTITY[sdk=iphoneos*]" = "iPhone Developer";
				COPY_PHASE_STRIP = NO;
				DEBUG_INFORMATION_FORMAT = "dwarf-with-dsym";
				ENABLE_NS_ASSERTIONS = NO;
				ENABLE_STRICT_OBJC_MSGSEND = YES;
				GCC_C_LANGUAGE_STANDARD = gnu99;
				GCC_NO_COMMON_BLOCKS = YES;
				GCC_WARN_64_TO_32_BIT_CONVERSION = YES;
				GCC_WARN_ABOUT_RETURN_TYPE = YES_ERROR;
				GCC_WARN_UNDECLARED_SELECTOR = YES;
				GCC_WARN_UNINITIALIZED_AUTOS = YES_AGGRESSIVE;
				GCC_WARN_UNUSED_FUNCTION = YES;
				GCC_WARN_UNUSED_VARIABLE = YES;
				IPHONEOS_DEPLOYMENT_TARGET = 9.3;
				MTL_ENABLE_DEBUG_INFO = NO;
				SDKROOT = iphoneos;
				TARGETED_DEVICE_FAMILY = 2;
				VALIDATE_PRODUCT = YES;
			};
			name = Release;
		};
		BB65400E1D56787E00AF80E8 /* Debug */ = {
			isa = XCBuildConfiguration;
			baseConfigurationReference = 196996E2EAB79A9078E4D530 /* Pods-Mosie.debug.xcconfig */;
			buildSettings = {
				ASSETCATALOG_COMPILER_APPICON_NAME = AppIcon;
				CLANG_ENABLE_MODULES = YES;
				FRAMEWORK_SEARCH_PATHS = (
					"$(inherited)",
					"$(PROJECT_DIR)",
				);
				INFOPLIST_FILE = Mosie/Info.plist;
				LD_RUNPATH_SEARCH_PATHS = "$(inherited) @executable_path/Frameworks";
				OTHER_LDFLAGS = (
					"$(inherited)",
					"-framework",
					"\"Alamofire\"",
					"-framework",
					"\"MBProgressHUD\"",
					"-framework",
					"\"SwiftyJSON\"",
					"-framework",
					"\"youtube_ios_player_helper\"",
					"-ObjC",
				);
				PRODUCT_BUNDLE_IDENTIFIER = com.MemeMasters.Mosie;
				PRODUCT_NAME = "$(TARGET_NAME)";
				SWIFT_OBJC_BRIDGING_HEADER = "Mosie-Bridging-Header.h";
				SWIFT_OPTIMIZATION_LEVEL = "-Onone";
			};
			name = Debug;
		};
		BB65400F1D56787E00AF80E8 /* Release */ = {
			isa = XCBuildConfiguration;
			baseConfigurationReference = 0A166084560381F32D30D388 /* Pods-Mosie.release.xcconfig */;
			buildSettings = {
				ASSETCATALOG_COMPILER_APPICON_NAME = AppIcon;
				CLANG_ENABLE_MODULES = YES;
				FRAMEWORK_SEARCH_PATHS = (
					"$(inherited)",
					"$(PROJECT_DIR)",
				);
				INFOPLIST_FILE = Mosie/Info.plist;
				LD_RUNPATH_SEARCH_PATHS = "$(inherited) @executable_path/Frameworks";
				OTHER_LDFLAGS = (
					"$(inherited)",
					"-framework",
					"\"Alamofire\"",
					"-framework",
					"\"MBProgressHUD\"",
					"-framework",
					"\"SwiftyJSON\"",
					"-framework",
					"\"youtube_ios_player_helper\"",
					"-ObjC",
				);
				PRODUCT_BUNDLE_IDENTIFIER = com.MemeMasters.Mosie;
				PRODUCT_NAME = "$(TARGET_NAME)";
				SWIFT_OBJC_BRIDGING_HEADER = "Mosie-Bridging-Header.h";
			};
			name = Release;
		};
		BB6540111D56787E00AF80E8 /* Debug */ = {
			isa = XCBuildConfiguration;
			buildSettings = {
				BUNDLE_LOADER = "$(TEST_HOST)";
				INFOPLIST_FILE = MosieTests/Info.plist;
				LD_RUNPATH_SEARCH_PATHS = "$(inherited) @executable_path/Frameworks @loader_path/Frameworks";
				PRODUCT_BUNDLE_IDENTIFIER = com.MemeMasters.MosieTests;
				PRODUCT_NAME = "$(TARGET_NAME)";
				TEST_HOST = "$(BUILT_PRODUCTS_DIR)/Mosie.app/Mosie";
			};
			name = Debug;
		};
		BB6540121D56787E00AF80E8 /* Release */ = {
			isa = XCBuildConfiguration;
			buildSettings = {
				BUNDLE_LOADER = "$(TEST_HOST)";
				INFOPLIST_FILE = MosieTests/Info.plist;
				LD_RUNPATH_SEARCH_PATHS = "$(inherited) @executable_path/Frameworks @loader_path/Frameworks";
				PRODUCT_BUNDLE_IDENTIFIER = com.MemeMasters.MosieTests;
				PRODUCT_NAME = "$(TARGET_NAME)";
				TEST_HOST = "$(BUILT_PRODUCTS_DIR)/Mosie.app/Mosie";
			};
			name = Release;
		};
		BB6540141D56787E00AF80E8 /* Debug */ = {
			isa = XCBuildConfiguration;
			buildSettings = {
				INFOPLIST_FILE = MosieUITests/Info.plist;
				LD_RUNPATH_SEARCH_PATHS = "$(inherited) @executable_path/Frameworks @loader_path/Frameworks";
				PRODUCT_BUNDLE_IDENTIFIER = com.MemeMasters.MosieUITests;
				PRODUCT_NAME = "$(TARGET_NAME)";
				TEST_TARGET_NAME = Mosie;
			};
			name = Debug;
		};
		BB6540151D56787E00AF80E8 /* Release */ = {
			isa = XCBuildConfiguration;
			buildSettings = {
				INFOPLIST_FILE = MosieUITests/Info.plist;
				LD_RUNPATH_SEARCH_PATHS = "$(inherited) @executable_path/Frameworks @loader_path/Frameworks";
				PRODUCT_BUNDLE_IDENTIFIER = com.MemeMasters.MosieUITests;
				PRODUCT_NAME = "$(TARGET_NAME)";
				TEST_TARGET_NAME = Mosie;
			};
			name = Release;
		};
/* End XCBuildConfiguration section */

/* Begin XCConfigurationList section */
		BB653FDD1D56787E00AF80E8 /* Build configuration list for PBXProject "Mosie" */ = {
			isa = XCConfigurationList;
			buildConfigurations = (
				BB65400B1D56787E00AF80E8 /* Debug */,
				BB65400C1D56787E00AF80E8 /* Release */,
			);
			defaultConfigurationIsVisible = 0;
			defaultConfigurationName = Release;
		};
		BB65400D1D56787E00AF80E8 /* Build configuration list for PBXNativeTarget "Mosie" */ = {
			isa = XCConfigurationList;
			buildConfigurations = (
				BB65400E1D56787E00AF80E8 /* Debug */,
				BB65400F1D56787E00AF80E8 /* Release */,
			);
			defaultConfigurationIsVisible = 0;
			defaultConfigurationName = Release;
		};
		BB6540101D56787E00AF80E8 /* Build configuration list for PBXNativeTarget "MosieTests" */ = {
			isa = XCConfigurationList;
			buildConfigurations = (
				BB6540111D56787E00AF80E8 /* Debug */,
				BB6540121D56787E00AF80E8 /* Release */,
			);
			defaultConfigurationIsVisible = 0;
			defaultConfigurationName = Release;
		};
		BB6540131D56787E00AF80E8 /* Build configuration list for PBXNativeTarget "MosieUITests" */ = {
			isa = XCConfigurationList;
			buildConfigurations = (
				BB6540141D56787E00AF80E8 /* Debug */,
				BB6540151D56787E00AF80E8 /* Release */,
			);
			defaultConfigurationIsVisible = 0;
			defaultConfigurationName = Release;
		};
/* End XCConfigurationList section */

/* Begin XCVersionGroup section */
		BB653FEC1D56787E00AF80E8 /* Mosie.xcdatamodeld */ = {
			isa = XCVersionGroup;
			children = (
				BB653FED1D56787E00AF80E8 /* Mosie.xcdatamodel */,
			);
			currentVersion = BB653FED1D56787E00AF80E8 /* Mosie.xcdatamodel */;
			path = Mosie.xcdatamodeld;
			sourceTree = "<group>";
			versionGroupType = wrapper.xcdatamodel;
		};
/* End XCVersionGroup section */
	};
	rootObject = BB653FDA1D56787E00AF80E8 /* Project object */;
}
